
Microsoft Visual Studio Solution File, Format Version 12.00
# Visual Studio Version 17
VisualStudioVersion = 17.13.35919.96
MinimumVisualStudioVersion = 10.0.40219.1
Project("{FAE04EC0-301F-11D3-BF4B-00C04F79EFBC}") = "SpecialTopic", "SpecialTopic\SpecialTopic.csproj", "{865D5DF6-A724-4312-8A03-23929BA540EA}"
EndProject
Project("{FAE04EC0-301F-11D3-BF4B-00C04F79EFBC}") = "SpecialTopic.Tests", "SpecialTopic.Tests\SpecialTopic.Tests.csproj", "{F7783D2F-C9B8-4079-85B9-D27CB6C175FF}"
EndProject
Global
	GlobalSection(SolutionConfigurationPlatforms) = preSolution
		Debug|Any CPU = Debug|Any CPU
		Release|Any CPU = Release|Any CPU
	EndGlobalSection
	GlobalSection(ProjectConfigurationPlatforms) = postSolution
		{865D5DF6-A724-4312-8A03-23929BA540EA}.Debug|Any CPU.ActiveCfg = Debug|Any CPU
		{865D5DF6-A724-4312-8A03-23929BA540EA}.Debug|Any CPU.Build.0 = Debug|Any CPU
		{865D5DF6-A724-4312-8A03-23929BA540EA}.Release|Any CPU.ActiveCfg = Release|Any CPU
		{865D5DF6-A724-4312-8A03-23929BA540EA}.Release|Any CPU.Build.0 = Release|Any CPU
		{F7783D2F-C9B8-4079-85B9-D27CB6C175FF}.Debug|Any CPU.ActiveCfg = Debug|Any CPU
		{F7783D2F-C9B8-4079-85B9-D27CB6C175FF}.Debug|Any CPU.Build.0 = Debug|Any CPU
		{F7783D2F-C9B8-4079-85B9-D27CB6C175FF}.Release|Any CPU.ActiveCfg = Release|Any CPU
		{F7783D2F-C9B8-4079-85B9-D27CB6C175FF}.Release|Any CPU.Build.0 = Release|Any CPU
	EndGlobalSection
	GlobalSection(SolutionProperties) = preSolution
		HideSolutionNode = FALSE
	EndGlobalSection
	GlobalSection(ExtensibilityGlobals) = postSolution
		SolutionGuid = {A0BC94B8-DC13-497E-A5D5-D93B7F0E4728}
	EndGlobalSection
EndGlobal
